
Microsoft Visual Studio Solution File, Format Version 12.00
# Visual Studio Version 17
VisualStudioVersion = 17.11.35312.102
MinimumVisualStudioVersion = 10.0.40219.1
Project("{8BC9CEB8-8B4A-11D0-8D11-00A0C91BC942}") = "LB7.2.rec", "LB7.2.rec\LB7.2.rec.vcxproj", "{7206256F-07AD-4661-B167-8D5312E69D41}"
EndProject
Project("{8BC9CEB8-8B4A-11D0-8D11-00A0C91BC942}") = "UnitTest1", "UnitTest1\UnitTest1.vcxproj", "{6940BD55-9050-44B6-93FB-0837629319EC}"
EndProject
Global
	GlobalSection(SolutionConfigurationPlatforms) = preSolution
		Debug|x64 = Debug|x64
		Debug|x86 = Debug|x86
		Release|x64 = Release|x64
		Release|x86 = Release|x86
	EndGlobalSection
	GlobalSection(ProjectConfigurationPlatforms) = postSolution
		{7206256F-07AD-4661-B167-8D5312E69D41}.Debug|x64.ActiveCfg = Debug|x64
		{7206256F-07AD-4661-B167-8D5312E69D41}.Debug|x64.Build.0 = Debug|x64
		{7206256F-07AD-4661-B167-8D5312E69D41}.Debug|x86.ActiveCfg = Debug|Win32
		{7206256F-07AD-4661-B167-8D5312E69D41}.Debug|x86.Build.0 = Debug|Win32
		{7206256F-07AD-4661-B167-8D5312E69D41}.Release|x64.ActiveCfg = Release|x64
		{7206256F-07AD-4661-B167-8D5312E69D41}.Release|x64.Build.0 = Release|x64
		{7206256F-07AD-4661-B167-8D5312E69D41}.Release|x86.ActiveCfg = Release|Win32
		{7206256F-07AD-4661-B167-8D5312E69D41}.Release|x86.Build.0 = Release|Win32
		{6940BD55-9050-44B6-93FB-0837629319EC}.Debug|x64.ActiveCfg = Debug|x64
		{6940BD55-9050-44B6-93FB-0837629319EC}.Debug|x64.Build.0 = Debug|x64
		{6940BD55-9050-44B6-93FB-0837629319EC}.Debug|x86.ActiveCfg = Debug|Win32
		{6940BD55-9050-44B6-93FB-0837629319EC}.Debug|x86.Build.0 = Debug|Win32
		{6940BD55-9050-44B6-93FB-0837629319EC}.Release|x64.ActiveCfg = Release|x64
		{6940BD55-9050-44B6-93FB-0837629319EC}.Release|x64.Build.0 = Release|x64
		{6940BD55-9050-44B6-93FB-0837629319EC}.Release|x86.ActiveCfg = Release|Win32
		{6940BD55-9050-44B6-93FB-0837629319EC}.Release|x86.Build.0 = Release|Win32
	EndGlobalSection
	GlobalSection(SolutionProperties) = preSolution
		HideSolutionNode = FALSE
	EndGlobalSection
	GlobalSection(ExtensibilityGlobals) = postSolution
		SolutionGuid = {E327C0F9-2CC2-4528-8180-88089DCDCA15}
	EndGlobalSection
EndGlobal
